
Microsoft Visual Studio Solution File, Format Version 12.00
# Visual Studio Version 17
VisualStudioVersion = 17.14.36414.22
MinimumVisualStudioVersion = 10.0.40219.1
Project("{2150E333-8FDC-42A3-9474-1A3956D46DE8}") = "Task0", "Task0", "{02EA681E-C7D8-13C7-8484-4AC65E1B71E8}"
EndProject
Project("{FAE04EC0-301F-11D3-BF4B-00C04F79EFBC}") = "Tyuiu.KugaevskijSD.Sprint1.Task0.V29", "Tyuiu.KugaevskijSD.Sprint1.Task0.V29\Tyuiu.KugaevskijSD.Sprint1.Task0.V29.csproj", "{6942B34F-D4DC-4C25-A15F-B55928B49D24}"
EndProject
Project("{FAE04EC0-301F-11D3-BF4B-00C04F79EFBC}") = "Tyuiu.KugaevskijSD.Sprint1.Task0.V29.Lib", "Tyuiu.KugaevskijSD.Sprint1.Task0.V29.Lib\Tyuiu.KugaevskijSD.Sprint1.Task0.V29.Lib.csproj", "{C201C332-D6E3-4A20-849E-F8474996980B}"
EndProject
Project("{FAE04EC0-301F-11D3-BF4B-00C04F79EFBC}") = "Tyuiu.KugaevskijSD.Sprint1.Task0.V29.Test", "Tyuiu.KugaevskijSD.Sprint1.Task0.V29.Test\Tyuiu.KugaevskijSD.Sprint1.Task0.V29.Test.csproj", "{0685C2A6-371F-41E4-82C0-449FF4388790}"
EndProject
Project("{2150E333-8FDC-42A3-9474-1A3956D46DE8}") = "Task1", "Task1", "{67E97E0E-0EC9-47E3-8E31-36F506E6E78B}"
EndProject
Project("{FAE04EC0-301F-11D3-BF4B-00C04F79EFBC}") = "Tyuiu.KugaevskijSD.Sprint1.Task1.V18", "Tyuiu.KugaevskijSD.Sprint1.Task1.V18\Tyuiu.KugaevskijSD.Sprint1.Task1.V18.csproj", "{9A359F2D-27BA-48DE-AB84-F01A53416646}"
EndProject
Project("{FAE04EC0-301F-11D3-BF4B-00C04F79EFBC}") = "Tyuiu.KugaevskijSD.Sprint1.Task1.V18.Lib", "Tyuiu.KugaevskijSD.Sprint1.Task1.V18.Lib\Tyuiu.KugaevskijSD.Sprint1.Task1.V18.Lib.csproj", "{EF4F01F6-18C4-45BD-8B52-DFC7A1B8127C}"
EndProject
Project("{FAE04EC0-301F-11D3-BF4B-00C04F79EFBC}") = "Tyuiu.KugaevskijSD.Sprint1.Task1.V18.Test", "Tyuiu.KugaevskijSD.Sprint1.Task1.V18.Test\Tyuiu.KugaevskijSD.Sprint1.Task1.V18.Test.csproj", "{44E6A28E-C3E6-4D10-A466-65EE1236D607}"
EndProject
Project("{2150E333-8FDC-42A3-9474-1A3956D46DE8}") = "Task2", "Task2", "{23E0299B-1B3E-4E68-A309-74E0BE5BE0BB}"
EndProject
Project("{FAE04EC0-301F-11D3-BF4B-00C04F79EFBC}") = "Tyuiu.KugaevskijSD.Sprint1.Task2.V25", "Tyuiu.KugaevskijSD.Sprint1.Task2.V25\Tyuiu.KugaevskijSD.Sprint1.Task2.V25.csproj", "{435E1F15-33A2-4FB0-BCD2-1B6322298BD5}"
EndProject
Project("{FAE04EC0-301F-11D3-BF4B-00C04F79EFBC}") = "Tyuiu.KugaevskijSD.Sprint1.Task2.V25.Lib", "Tyuiu.KugaevskijSD.Sprint1.Task2.V25.Lib\Tyuiu.KugaevskijSD.Sprint1.Task2.V25.Lib.csproj", "{899670B5-508F-4697-ABE7-AA9ED295475A}"
EndProject
Project("{FAE04EC0-301F-11D3-BF4B-00C04F79EFBC}") = "Tyuiu.KugaevskijSD.Sprint1.Task2.V25.Test", "Tyuiu.KugaevskijSD.Sprint1.Task2.V25.Test\Tyuiu.KugaevskijSD.Sprint1.Task2.V25.Test.csproj", "{84BB233C-B0D0-4314-A54A-4104ED516608}"
EndProject
Project("{2150E333-8FDC-42A3-9474-1A3956D46DE8}") = "Task3", "Task3", "{B16C6002-B1EB-47C6-9F0E-14A436FB2221}"
EndProject
Project("{FAE04EC0-301F-11D3-BF4B-00C04F79EFBC}") = "Tyuiu.KugaevskijSD.Sprint1.Task3.V2", "Tyuiu.KugaevskijSD.Sprint1.Task3.V2\Tyuiu.KugaevskijSD.Sprint1.Task3.V2.csproj", "{8F01B4B0-10CE-4132-9957-445705EE650F}"
EndProject
Project("{FAE04EC0-301F-11D3-BF4B-00C04F79EFBC}") = "Tyuiu.KugaevskijSD.Sprint1.Task3.V2.Lib", "Tyuiu.KugaevskijSD.Sprint1.Task3.V2.Lib\Tyuiu.KugaevskijSD.Sprint1.Task3.V2.Lib.csproj", "{AE1125C2-E31B-4DBB-90EF-26A24BA7D5F1}"
EndProject
Project("{FAE04EC0-301F-11D3-BF4B-00C04F79EFBC}") = "Tyuiu.KugaevskijSD.Sprint1.Task3.V2.Test", "Tyuiu.KugaevskijSD.Sprint1.Task3.V2.Test\Tyuiu.KugaevskijSD.Sprint1.Task3.V2.Test.csproj", "{2036A202-8042-4B27-96D4-A0FC65BDFEDF}"
EndProject
Project("{2150E333-8FDC-42A3-9474-1A3956D46DE8}") = "Task4", "Task4", "{39D43985-C599-4495-A0A5-C286DB7734C3}"
EndProject
Project("{FAE04EC0-301F-11D3-BF4B-00C04F79EFBC}") = "Tyuiu.KugaevskijSD.Sprint1.Task4.V9", "Tyuiu.KugaevskijSD.Sprint1.Task4.V9\Tyuiu.KugaevskijSD.Sprint1.Task4.V9.csproj", "{F71BEB5D-9473-4995-9FB9-984DCDA44526}"
EndProject
Project("{FAE04EC0-301F-11D3-BF4B-00C04F79EFBC}") = "Tyuiu.KugaevskijSD.Sprint1.Task4.V9.Lib", "Tyuiu.KugaevskijSD.Sprint1.Task4.V9.Lib\Tyuiu.KugaevskijSD.Sprint1.Task4.V9.Lib.csproj", "{74C6B703-1AD8-4456-8319-672351B55099}"
EndProject
Project("{FAE04EC0-301F-11D3-BF4B-00C04F79EFBC}") = "Tyuiu.KugaevskijSD.Sprint1.Task4.V9.Test", "Tyuiu.KugaevskijSD.Sprint1.Task4.V9.Test\Tyuiu.KugaevskijSD.Sprint1.Task4.V9.Test.csproj", "{FEF11BB0-7CDB-4E15-8C2B-B3408D3C5EDF}"
EndProject
Project("{2150E333-8FDC-42A3-9474-1A3956D46DE8}") = "Task5", "Task5", "{CFA905E1-187B-4CDA-A307-CC4444F25E5B}"
EndProject
Project("{FAE04EC0-301F-11D3-BF4B-00C04F79EFBC}") = "Tyuiu.KugaevskijSD.Sprint1.Task5.V7", "Tyuiu.KugaevskijSD.Sprint1.Task5.V7\Tyuiu.KugaevskijSD.Sprint1.Task5.V7.csproj", "{5F125537-A4A1-4D87-B07E-E228638BEA72}"
EndProject
Project("{FAE04EC0-301F-11D3-BF4B-00C04F79EFBC}") = "Tyuiu.KugaevskijSD.Sprint1.Task5.V7.Lib", "Tyuiu.KugaevskijSD.Sprint1.Task5.V7.Lib\Tyuiu.KugaevskijSD.Sprint1.Task5.V7.Lib.csproj", "{83FE989C-4A2D-4955-8D8D-96743A702269}"
EndProject
Project("{FAE04EC0-301F-11D3-BF4B-00C04F79EFBC}") = "Tyuiu.KugaevskijSD.Sprint1.Task5.V7.Test", "Tyuiu.KugaevskijSD.Sprint1.Task5.V7.Test\Tyuiu.KugaevskijSD.Sprint1.Task5.V7.Test.csproj", "{165A0D10-0A53-46BC-89A0-5A5F044A085B}"
EndProject
Global
	GlobalSection(SolutionConfigurationPlatforms) = preSolution
		Debug|Any CPU = Debug|Any CPU
		Release|Any CPU = Release|Any CPU
	EndGlobalSection
	GlobalSection(ProjectConfigurationPlatforms) = postSolution
		{6942B34F-D4DC-4C25-A15F-B55928B49D24}.Debug|Any CPU.ActiveCfg = Debug|Any CPU
		{6942B34F-D4DC-4C25-A15F-B55928B49D24}.Debug|Any CPU.Build.0 = Debug|Any CPU
		{6942B34F-D4DC-4C25-A15F-B55928B49D24}.Release|Any CPU.ActiveCfg = Release|Any CPU
		{6942B34F-D4DC-4C25-A15F-B55928B49D24}.Release|Any CPU.Build.0 = Release|Any CPU
		{C201C332-D6E3-4A20-849E-F8474996980B}.Debug|Any CPU.ActiveCfg = Debug|Any CPU
		{C201C332-D6E3-4A20-849E-F8474996980B}.Debug|Any CPU.Build.0 = Debug|Any CPU
		{C201C332-D6E3-4A20-849E-F8474996980B}.Release|Any CPU.ActiveCfg = Release|Any CPU
		{C201C332-D6E3-4A20-849E-F8474996980B}.Release|Any CPU.Build.0 = Release|Any CPU
		{0685C2A6-371F-41E4-82C0-449FF4388790}.Debug|Any CPU.ActiveCfg = Debug|Any CPU
		{0685C2A6-371F-41E4-82C0-449FF4388790}.Debug|Any CPU.Build.0 = Debug|Any CPU
		{0685C2A6-371F-41E4-82C0-449FF4388790}.Release|Any CPU.ActiveCfg = Release|Any CPU
		{0685C2A6-371F-41E4-82C0-449FF4388790}.Release|Any CPU.Build.0 = Release|Any CPU
		{9A359F2D-27BA-48DE-AB84-F01A53416646}.Debug|Any CPU.ActiveCfg = Debug|Any CPU
		{9A359F2D-27BA-48DE-AB84-F01A53416646}.Debug|Any CPU.Build.0 = Debug|Any CPU
		{9A359F2D-27BA-48DE-AB84-F01A53416646}.Release|Any CPU.ActiveCfg = Release|Any CPU
		{9A359F2D-27BA-48DE-AB84-F01A53416646}.Release|Any CPU.Build.0 = Release|Any CPU
		{EF4F01F6-18C4-45BD-8B52-DFC7A1B8127C}.Debug|Any CPU.ActiveCfg = Debug|Any CPU
		{EF4F01F6-18C4-45BD-8B52-DFC7A1B8127C}.Debug|Any CPU.Build.0 = Debug|Any CPU
		{EF4F01F6-18C4-45BD-8B52-DFC7A1B8127C}.Release|Any CPU.ActiveCfg = Release|Any CPU
		{EF4F01F6-18C4-45BD-8B52-DFC7A1B8127C}.Release|Any CPU.Build.0 = Release|Any CPU
		{44E6A28E-C3E6-4D10-A466-65EE1236D607}.Debug|Any CPU.ActiveCfg = Debug|Any CPU
		{44E6A28E-C3E6-4D10-A466-65EE1236D607}.Debug|Any CPU.Build.0 = Debug|Any CPU
		{44E6A28E-C3E6-4D10-A466-65EE1236D607}.Release|Any CPU.ActiveCfg = Release|Any CPU
		{44E6A28E-C3E6-4D10-A466-65EE1236D607}.Release|Any CPU.Build.0 = Release|Any CPU
		{435E1F15-33A2-4FB0-BCD2-1B6322298BD5}.Debug|Any CPU.ActiveCfg = Debug|Any CPU
		{435E1F15-33A2-4FB0-BCD2-1B6322298BD5}.Debug|Any CPU.Build.0 = Debug|Any CPU
		{435E1F15-33A2-4FB0-BCD2-1B6322298BD5}.Release|Any CPU.ActiveCfg = Release|Any CPU
		{435E1F15-33A2-4FB0-BCD2-1B6322298BD5}.Release|Any CPU.Build.0 = Release|Any CPU
		{899670B5-508F-4697-ABE7-AA9ED295475A}.Debug|Any CPU.ActiveCfg = Debug|Any CPU
		{899670B5-508F-4697-ABE7-AA9ED295475A}.Debug|Any CPU.Build.0 = Debug|Any CPU
		{899670B5-508F-4697-ABE7-AA9ED295475A}.Release|Any CPU.ActiveCfg = Release|Any CPU
		{899670B5-508F-4697-ABE7-AA9ED295475A}.Release|Any CPU.Build.0 = Release|Any CPU
		{84BB233C-B0D0-4314-A54A-4104ED516608}.Debug|Any CPU.ActiveCfg = Debug|Any CPU
		{84BB233C-B0D0-4314-A54A-4104ED516608}.Debug|Any CPU.Build.0 = Debug|Any CPU
		{84BB233C-B0D0-4314-A54A-4104ED516608}.Release|Any CPU.ActiveCfg = Release|Any CPU
		{84BB233C-B0D0-4314-A54A-4104ED516608}.Release|Any CPU.Build.0 = Release|Any CPU
		{8F01B4B0-10CE-4132-9957-445705EE650F}.Debug|Any CPU.ActiveCfg = Debug|Any CPU
		{8F01B4B0-10CE-4132-9957-445705EE650F}.Debug|Any CPU.Build.0 = Debug|Any CPU
		{8F01B4B0-10CE-4132-9957-445705EE650F}.Release|Any CPU.ActiveCfg = Release|Any CPU
		{8F01B4B0-10CE-4132-9957-445705EE650F}.Release|Any CPU.Build.0 = Release|Any CPU
		{AE1125C2-E31B-4DBB-90EF-26A24BA7D5F1}.Debug|Any CPU.ActiveCfg = Debug|Any CPU
		{AE1125C2-E31B-4DBB-90EF-26A24BA7D5F1}.Debug|Any CPU.Build.0 = Debug|Any CPU
		{AE1125C2-E31B-4DBB-90EF-26A24BA7D5F1}.Release|Any CPU.ActiveCfg = Release|Any CPU
		{AE1125C2-E31B-4DBB-90EF-26A24BA7D5F1}.Release|Any CPU.Build.0 = Release|Any CPU
		{2036A202-8042-4B27-96D4-A0FC65BDFEDF}.Debug|Any CPU.ActiveCfg = Debug|Any CPU
		{2036A202-8042-4B27-96D4-A0FC65BDFEDF}.Debug|Any CPU.Build.0 = Debug|Any CPU
		{2036A202-8042-4B27-96D4-A0FC65BDFEDF}.Release|Any CPU.ActiveCfg = Release|Any CPU
		{2036A202-8042-4B27-96D4-A0FC65BDFEDF}.Release|Any CPU.Build.0 = Release|Any CPU
		{F71BEB5D-9473-4995-9FB9-984DCDA44526}.Debug|Any CPU.ActiveCfg = Debug|Any CPU
		{F71BEB5D-9473-4995-9FB9-984DCDA44526}.Debug|Any CPU.Build.0 = Debug|Any CPU
		{F71BEB5D-9473-4995-9FB9-984DCDA44526}.Release|Any CPU.ActiveCfg = Release|Any CPU
		{F71BEB5D-9473-4995-9FB9-984DCDA44526}.Release|Any CPU.Build.0 = Release|Any CPU
		{74C6B703-1AD8-4456-8319-672351B55099}.Debug|Any CPU.ActiveCfg = Debug|Any CPU
		{74C6B703-1AD8-4456-8319-672351B55099}.Debug|Any CPU.Build.0 = Debug|Any CPU
		{74C6B703-1AD8-4456-8319-672351B55099}.Release|Any CPU.ActiveCfg = Release|Any CPU
		{74C6B703-1AD8-4456-8319-672351B55099}.Release|Any CPU.Build.0 = Release|Any CPU
		{FEF11BB0-7CDB-4E15-8C2B-B3408D3C5EDF}.Debug|Any CPU.ActiveCfg = Debug|Any CPU
		{FEF11BB0-7CDB-4E15-8C2B-B3408D3C5EDF}.Debug|Any CPU.Build.0 = Debug|Any CPU
		{FEF11BB0-7CDB-4E15-8C2B-B3408D3C5EDF}.Release|Any CPU.ActiveCfg = Release|Any CPU
		{FEF11BB0-7CDB-4E15-8C2B-B3408D3C5EDF}.Release|Any CPU.Build.0 = Release|Any CPU
		{5F125537-A4A1-4D87-B07E-E228638BEA72}.Debug|Any CPU.ActiveCfg = Debug|Any CPU
		{5F125537-A4A1-4D87-B07E-E228638BEA72}.Debug|Any CPU.Build.0 = Debug|Any CPU
		{5F125537-A4A1-4D87-B07E-E228638BEA72}.Release|Any CPU.ActiveCfg = Release|Any CPU
		{5F125537-A4A1-4D87-B07E-E228638BEA72}.Release|Any CPU.Build.0 = Release|Any CPU
		{83FE989C-4A2D-4955-8D8D-96743A702269}.Debug|Any CPU.ActiveCfg = Debug|Any CPU
		{83FE989C-4A2D-4955-8D8D-96743A702269}.Debug|Any CPU.Build.0 = Debug|Any CPU
		{83FE989C-4A2D-4955-8D8D-96743A702269}.Release|Any CPU.ActiveCfg = Release|Any CPU
		{83FE989C-4A2D-4955-8D8D-96743A702269}.Release|Any CPU.Build.0 = Release|Any CPU
		{165A0D10-0A53-46BC-89A0-5A5F044A085B}.Debug|Any CPU.ActiveCfg = Debug|Any CPU
		{165A0D10-0A53-46BC-89A0-5A5F044A085B}.Debug|Any CPU.Build.0 = Debug|Any CPU
		{165A0D10-0A53-46BC-89A0-5A5F044A085B}.Release|Any CPU.ActiveCfg = Release|Any CPU
		{165A0D10-0A53-46BC-89A0-5A5F044A085B}.Release|Any CPU.Build.0 = Release|Any CPU
	EndGlobalSection
	GlobalSection(SolutionProperties) = preSolution
		HideSolutionNode = FALSE
	EndGlobalSection
	GlobalSection(NestedProjects) = preSolution
		{6942B34F-D4DC-4C25-A15F-B55928B49D24} = {02EA681E-C7D8-13C7-8484-4AC65E1B71E8}
		{C201C332-D6E3-4A20-849E-F8474996980B} = {02EA681E-C7D8-13C7-8484-4AC65E1B71E8}
		{0685C2A6-371F-41E4-82C0-449FF4388790} = {02EA681E-C7D8-13C7-8484-4AC65E1B71E8}
		{9A359F2D-27BA-48DE-AB84-F01A53416646} = {67E97E0E-0EC9-47E3-8E31-36F506E6E78B}
		{EF4F01F6-18C4-45BD-8B52-DFC7A1B8127C} = {67E97E0E-0EC9-47E3-8E31-36F506E6E78B}
		{44E6A28E-C3E6-4D10-A466-65EE1236D607} = {67E97E0E-0EC9-47E3-8E31-36F506E6E78B}
		{435E1F15-33A2-4FB0-BCD2-1B6322298BD5} = {23E0299B-1B3E-4E68-A309-74E0BE5BE0BB}
		{899670B5-508F-4697-ABE7-AA9ED295475A} = {23E0299B-1B3E-4E68-A309-74E0BE5BE0BB}
		{84BB233C-B0D0-4314-A54A-4104ED516608} = {23E0299B-1B3E-4E68-A309-74E0BE5BE0BB}
		{8F01B4B0-10CE-4132-9957-445705EE650F} = {B16C6002-B1EB-47C6-9F0E-14A436FB2221}
		{AE1125C2-E31B-4DBB-90EF-26A24BA7D5F1} = {B16C6002-B1EB-47C6-9F0E-14A436FB2221}
		{2036A202-8042-4B27-96D4-A0FC65BDFEDF} = {B16C6002-B1EB-47C6-9F0E-14A436FB2221}
		{F71BEB5D-9473-4995-9FB9-984DCDA44526} = {39D43985-C599-4495-A0A5-C286DB7734C3}
		{74C6B703-1AD8-4456-8319-672351B55099} = {39D43985-C599-4495-A0A5-C286DB7734C3}
		{FEF11BB0-7CDB-4E15-8C2B-B3408D3C5EDF} = {39D43985-C599-4495-A0A5-C286DB7734C3}
		{5F125537-A4A1-4D87-B07E-E228638BEA72} = {CFA905E1-187B-4CDA-A307-CC4444F25E5B}
		{83FE989C-4A2D-4955-8D8D-96743A702269} = {CFA905E1-187B-4CDA-A307-CC4444F25E5B}
		{165A0D10-0A53-46BC-89A0-5A5F044A085B} = {CFA905E1-187B-4CDA-A307-CC4444F25E5B}
	EndGlobalSection
	GlobalSection(ExtensibilityGlobals) = postSolution
		SolutionGuid = {33293270-8364-433F-8C62-F1867ACA63DE}
	EndGlobalSection
EndGlobal
